
Microsoft Visual Studio Solution File, Format Version 12.00
# Visual Studio Version 17
VisualStudioVersion = 17.1.32319.34
MinimumVisualStudioVersion = 10.0.40219.1
Project("{9A19103F-16F7-4668-BE54-9A1E7A4F7556}") = "Terraria.ModLoader.Setup", "Terraria.ModLoader.Setup.csproj", "{ECAD06B8-1A3B-4288-A02C-198A198EF98E}"
EndProject
Project("{FAE04EC0-301F-11D3-BF4B-00C04F79EFBC}") = "PatchReviewer", "..\Terraria.ModLoader\setup\PatchReviewer\PatchReviewer.csproj", "{9D718961-CCBA-48D8-A4BD-D77593D591A2}"
EndProject
Project("{FAE04EC0-301F-11D3-BF4B-00C04F79EFBC}") = "DiffPatch", "..\Terraria.ModLoader\setup\PatchReviewer\DiffPatch\DiffPatch.csproj", "{E38B9EC9-DF0A-4166-B965-06800DD50CDD}"
EndProject
Global
	GlobalSection(SolutionConfigurationPlatforms) = preSolution
		Debug|Any CPU = Debug|Any CPU
		Release|Any CPU = Release|Any CPU
	EndGlobalSection
	GlobalSection(ProjectConfigurationPlatforms) = postSolution
		{ECAD06B8-1A3B-4288-A02C-198A198EF98E}.Debug|Any CPU.ActiveCfg = Debug|Any CPU
		{ECAD06B8-1A3B-4288-A02C-198A198EF98E}.Debug|Any CPU.Build.0 = Debug|Any CPU
		{ECAD06B8-1A3B-4288-A02C-198A198EF98E}.Release|Any CPU.ActiveCfg = Debug|Any CPU
		{ECAD06B8-1A3B-4288-A02C-198A198EF98E}.Release|Any CPU.Build.0 = Debug|Any CPU
		{9D718961-CCBA-48D8-A4BD-D77593D591A2}.Debug|Any CPU.ActiveCfg = Debug|Any CPU
		{9D718961-CCBA-48D8-A4BD-D77593D591A2}.Debug|Any CPU.Build.0 = Debug|Any CPU
		{9D718961-CCBA-48D8-A4BD-D77593D591A2}.Release|Any CPU.ActiveCfg = Release|Any CPU
		{9D718961-CCBA-48D8-A4BD-D77593D591A2}.Release|Any CPU.Build.0 = Release|Any CPU
		{E38B9EC9-DF0A-4166-B965-06800DD50CDD}.Debug|Any CPU.ActiveCfg = Debug|Any CPU
		{E38B9EC9-DF0A-4166-B965-06800DD50CDD}.Debug|Any CPU.Build.0 = Debug|Any CPU
		{E38B9EC9-DF0A-4166-B965-06800DD50CDD}.Release|Any CPU.ActiveCfg = Release|Any CPU
		{E38B9EC9-DF0A-4166-B965-06800DD50CDD}.Release|Any CPU.Build.0 = Release|Any CPU
	EndGlobalSection
	GlobalSection(SolutionProperties) = preSolution
		HideSolutionNode = FALSE
	EndGlobalSection
	GlobalSection(ExtensibilityGlobals) = postSolution
		SolutionGuid = {FDF598EF-0C8A-4148-807A-13F6C1A5A033}
	EndGlobalSection
EndGlobal
