
Microsoft Visual Studio Solution File, Format Version 12.00
# Visual Studio Version 17
VisualStudioVersion = 17.0.31903.59
MinimumVisualStudioVersion = 10.0.40219.1
Project("{FAE04EC0-301F-11D3-BF4B-00C04F79EFBC}") = "Nitrate", "Nitrate\Nitrate.csproj", "{F42F7107-EA9C-47EF-BF59-81A2CAAE4348}"
EndProject
Project("{FAE04EC0-301F-11D3-BF4B-00C04F79EFBC}") = "FNA.Core", "Terraria.ModLoader\FNA\FNA.Core.csproj", "{E7EDA473-EDCB-4BA1-BFDC-166D662874EA}"
EndProject
Project("{FAE04EC0-301F-11D3-BF4B-00C04F79EFBC}") = "tModLoader.BuildTasks", "Terraria.ModLoader\tModBuildTasks\tModLoader.BuildTasks.csproj", "{376F32A1-F470-4E72-9443-C5C27E2AD00F}"
EndProject
Project("{FAE04EC0-301F-11D3-BF4B-00C04F79EFBC}") = "tModPorter", "Terraria.ModLoader\tModPorter\tModPorter\tModPorter.csproj", "{30423BD8-6CA3-46AB-A837-39D50B319201}"
EndProject
Project("{FAE04EC0-301F-11D3-BF4B-00C04F79EFBC}") = "Terraria", "staging\Nitrate\Terraria\Terraria.csproj", "{4E7C41F3-076D-4F40-88AC-2C603E41BA6F}"
EndProject
Project("{FAE04EC0-301F-11D3-BF4B-00C04F79EFBC}") = "ReLogic", "staging\Nitrate\ReLogic\ReLogic.csproj", "{356D28E5-CCA4-4F95-9C98-E8049EDB194F}"
EndProject
Project("{FAE04EC0-301F-11D3-BF4B-00C04F79EFBC}") = "Terraria.ModLoader.Setup.Common", "Terraria.ModLoader.Setup\Terraria.ModLoader.Setup.Common\Terraria.ModLoader.Setup.Common.csproj", "{1FB59D04-E106-4200-BC39-4B5E8CE22F0C}"
EndProject
Project("{2150E333-8FDC-42A3-9474-1A3956D46DE8}") = "Terraria.ModLoader.Setup", "Terraria.ModLoader.Setup", "{68F1E0DF-0B8B-4147-B673-8C76F8A39BD9}"
EndProject
Project("{2150E333-8FDC-42A3-9474-1A3956D46DE8}") = "Terraria.ModLoader", "Terraria.ModLoader", "{30C7887E-DB4D-4F9C-976E-C395DD4AE0F7}"
EndProject
Project("{2150E333-8FDC-42A3-9474-1A3956D46DE8}") = "Terraria", "Terraria", "{C795280F-8E72-40E7-9BCE-641A9010301F}"
EndProject
Project("{FAE04EC0-301F-11D3-BF4B-00C04F79EFBC}") = "Terraria.ModLoader.Setup.Auto", "Terraria.ModLoader.Setup\Terraria.ModLoader.Setup.Auto\Terraria.ModLoader.Setup.Auto.csproj", "{E28A2CA4-2E5C-4838-9403-55972EE5730E}"
EndProject
Project("{FAE04EC0-301F-11D3-BF4B-00C04F79EFBC}") = "Terraria.ModLoader.Setup", "Terraria.ModLoader.Setup\Terraria.ModLoader.Setup\Terraria.ModLoader.Setup.csproj", "{67722EFE-BC05-4B92-8DE2-9BC0C7899ADA}"
EndProject
Global
	GlobalSection(SolutionConfigurationPlatforms) = preSolution
		Debug|Any CPU = Debug|Any CPU
		Release|Any CPU = Release|Any CPU
	EndGlobalSection
	GlobalSection(ProjectConfigurationPlatforms) = postSolution
		{F42F7107-EA9C-47EF-BF59-81A2CAAE4348}.Debug|Any CPU.ActiveCfg = Debug|Any CPU
		{F42F7107-EA9C-47EF-BF59-81A2CAAE4348}.Debug|Any CPU.Build.0 = Debug|Any CPU
		{F42F7107-EA9C-47EF-BF59-81A2CAAE4348}.Release|Any CPU.ActiveCfg = Release|Any CPU
		{F42F7107-EA9C-47EF-BF59-81A2CAAE4348}.Release|Any CPU.Build.0 = Release|Any CPU
		{E7EDA473-EDCB-4BA1-BFDC-166D662874EA}.Debug|Any CPU.ActiveCfg = Debug|Any CPU
		{E7EDA473-EDCB-4BA1-BFDC-166D662874EA}.Debug|Any CPU.Build.0 = Debug|Any CPU
		{E7EDA473-EDCB-4BA1-BFDC-166D662874EA}.Release|Any CPU.ActiveCfg = Release|Any CPU
		{E7EDA473-EDCB-4BA1-BFDC-166D662874EA}.Release|Any CPU.Build.0 = Release|Any CPU
		{376F32A1-F470-4E72-9443-C5C27E2AD00F}.Debug|Any CPU.ActiveCfg = Debug|Any CPU
		{376F32A1-F470-4E72-9443-C5C27E2AD00F}.Debug|Any CPU.Build.0 = Debug|Any CPU
		{376F32A1-F470-4E72-9443-C5C27E2AD00F}.Release|Any CPU.ActiveCfg = Release|Any CPU
		{376F32A1-F470-4E72-9443-C5C27E2AD00F}.Release|Any CPU.Build.0 = Release|Any CPU
		{30423BD8-6CA3-46AB-A837-39D50B319201}.Debug|Any CPU.ActiveCfg = Debug|Any CPU
		{30423BD8-6CA3-46AB-A837-39D50B319201}.Debug|Any CPU.Build.0 = Debug|Any CPU
		{30423BD8-6CA3-46AB-A837-39D50B319201}.Release|Any CPU.ActiveCfg = Release|Any CPU
		{30423BD8-6CA3-46AB-A837-39D50B319201}.Release|Any CPU.Build.0 = Release|Any CPU
		{4E7C41F3-076D-4F40-88AC-2C603E41BA6F}.Debug|Any CPU.ActiveCfg = Debug|Any CPU
		{4E7C41F3-076D-4F40-88AC-2C603E41BA6F}.Debug|Any CPU.Build.0 = Debug|Any CPU
		{4E7C41F3-076D-4F40-88AC-2C603E41BA6F}.Release|Any CPU.ActiveCfg = Release|Any CPU
		{4E7C41F3-076D-4F40-88AC-2C603E41BA6F}.Release|Any CPU.Build.0 = Release|Any CPU
		{356D28E5-CCA4-4F95-9C98-E8049EDB194F}.Debug|Any CPU.ActiveCfg = Debug|Any CPU
		{356D28E5-CCA4-4F95-9C98-E8049EDB194F}.Debug|Any CPU.Build.0 = Debug|Any CPU
		{356D28E5-CCA4-4F95-9C98-E8049EDB194F}.Release|Any CPU.ActiveCfg = Release|Any CPU
		{356D28E5-CCA4-4F95-9C98-E8049EDB194F}.Release|Any CPU.Build.0 = Release|Any CPU
		{1FB59D04-E106-4200-BC39-4B5E8CE22F0C}.Debug|Any CPU.ActiveCfg = Debug|Any CPU
		{1FB59D04-E106-4200-BC39-4B5E8CE22F0C}.Debug|Any CPU.Build.0 = Debug|Any CPU
		{1FB59D04-E106-4200-BC39-4B5E8CE22F0C}.Release|Any CPU.ActiveCfg = Release|Any CPU
		{1FB59D04-E106-4200-BC39-4B5E8CE22F0C}.Release|Any CPU.Build.0 = Release|Any CPU
		{E28A2CA4-2E5C-4838-9403-55972EE5730E}.Debug|Any CPU.ActiveCfg = Debug|Any CPU
		{E28A2CA4-2E5C-4838-9403-55972EE5730E}.Debug|Any CPU.Build.0 = Debug|Any CPU
		{E28A2CA4-2E5C-4838-9403-55972EE5730E}.Release|Any CPU.ActiveCfg = Release|Any CPU
		{E28A2CA4-2E5C-4838-9403-55972EE5730E}.Release|Any CPU.Build.0 = Release|Any CPU
		{67722EFE-BC05-4B92-8DE2-9BC0C7899ADA}.Debug|Any CPU.ActiveCfg = Debug|Any CPU
		{67722EFE-BC05-4B92-8DE2-9BC0C7899ADA}.Debug|Any CPU.Build.0 = Debug|Any CPU
		{67722EFE-BC05-4B92-8DE2-9BC0C7899ADA}.Release|Any CPU.ActiveCfg = Release|Any CPU
		{67722EFE-BC05-4B92-8DE2-9BC0C7899ADA}.Release|Any CPU.Build.0 = Release|Any CPU
	EndGlobalSection
	GlobalSection(SolutionProperties) = preSolution
		HideSolutionNode = FALSE
	EndGlobalSection
	GlobalSection(NestedProjects) = preSolution
		{1FB59D04-E106-4200-BC39-4B5E8CE22F0C} = {68F1E0DF-0B8B-4147-B673-8C76F8A39BD9}
		{30423BD8-6CA3-46AB-A837-39D50B319201} = {30C7887E-DB4D-4F9C-976E-C395DD4AE0F7}
		{376F32A1-F470-4E72-9443-C5C27E2AD00F} = {30C7887E-DB4D-4F9C-976E-C395DD4AE0F7}
		{4E7C41F3-076D-4F40-88AC-2C603E41BA6F} = {C795280F-8E72-40E7-9BCE-641A9010301F}
		{356D28E5-CCA4-4F95-9C98-E8049EDB194F} = {C795280F-8E72-40E7-9BCE-641A9010301F}
		{E7EDA473-EDCB-4BA1-BFDC-166D662874EA} = {C795280F-8E72-40E7-9BCE-641A9010301F}
		{E28A2CA4-2E5C-4838-9403-55972EE5730E} = {68F1E0DF-0B8B-4147-B673-8C76F8A39BD9}
		{67722EFE-BC05-4B92-8DE2-9BC0C7899ADA} = {68F1E0DF-0B8B-4147-B673-8C76F8A39BD9}
	EndGlobalSection
EndGlobal
