
Microsoft Visual Studio Solution File, Format Version 12.00
# Visual Studio Version 17
VisualStudioVersion = 17.0.31903.59
MinimumVisualStudioVersion = 10.0.40219.1
Project("{FAE04EC0-301F-11D3-BF4B-00C04F79EFBC}") = "Nitrate", "Nitrate\Nitrate.csproj", "{F42F7107-EA9C-47EF-BF59-81A2CAAE4348}"
EndProject
Global
	GlobalSection(SolutionConfigurationPlatforms) = preSolution
		Debug|Any CPU = Debug|Any CPU
		Release|Any CPU = Release|Any CPU
	EndGlobalSection
	GlobalSection(ProjectConfigurationPlatforms) = postSolution
		{F42F7107-EA9C-47EF-BF59-81A2CAAE4348}.Debug|Any CPU.ActiveCfg = Debug|Any CPU
		{F42F7107-EA9C-47EF-BF59-81A2CAAE4348}.Debug|Any CPU.Build.0 = Debug|Any CPU
		{F42F7107-EA9C-47EF-BF59-81A2CAAE4348}.Release|Any CPU.ActiveCfg = Release|Any CPU
		{F42F7107-EA9C-47EF-BF59-81A2CAAE4348}.Release|Any CPU.Build.0 = Release|Any CPU
	EndGlobalSection
	GlobalSection(SolutionProperties) = preSolution
		HideSolutionNode = FALSE
	EndGlobalSection
EndGlobal
